
Microsoft Visual Studio Solution File, Format Version 12.00
# Visual Studio Version 16
VisualStudioVersion = 16.0.29613.14
MinimumVisualStudioVersion = 10.0.40219.1
Project("{FAE04EC0-301F-11D3-BF4B-00C04F79EFBC}") = "Incercare1", "Incercare1.csproj", "{AD013211-66C6-49AC-BA54-304311413C8D}"
EndProject
Global
	GlobalSection(SolutionConfigurationPlatforms) = preSolution
		Debug|Any CPU = Debug|Any CPU
		Release|Any CPU = Release|Any CPU
	EndGlobalSection
	GlobalSection(ProjectConfigurationPlatforms) = postSolution
		{AD013211-66C6-49AC-BA54-304311413C8D}.Debug|Any CPU.ActiveCfg = Debug|Any CPU
		{AD013211-66C6-49AC-BA54-304311413C8D}.Debug|Any CPU.Build.0 = Debug|Any CPU
		{AD013211-66C6-49AC-BA54-304311413C8D}.Release|Any CPU.ActiveCfg = Release|Any CPU
		{AD013211-66C6-49AC-BA54-304311413C8D}.Release|Any CPU.Build.0 = Release|Any CPU
	EndGlobalSection
	GlobalSection(SolutionProperties) = preSolution
		HideSolutionNode = FALSE
	EndGlobalSection
	GlobalSection(ExtensibilityGlobals) = postSolution
		SolutionGuid = {ACEE6E27-B2BD-4B05-95D7-B41EA0701812}
	EndGlobalSection
EndGlobal
